// !$*UTF8*$!
{
	archiveVersion = 1;
	classes = {
	};
	objectVersion = 50;
	objects = {

/* Begin PBXBuildFile section */
		AE56A015214E990D003FCBA7 /* AppDelegate.swift in Sources */ = {isa = PBXBuildFile; fileRef = AE56A014214E990D003FCBA7 /* AppDelegate.swift */; };
		AE56A017214E990D003FCBA7 /* ViewController.swift in Sources */ = {isa = PBXBuildFile; fileRef = AE56A016214E990D003FCBA7 /* ViewController.swift */; };
		AE56A01A214E990D003FCBA7 /* Main.storyboard in Resources */ = {isa = PBXBuildFile; fileRef = AE56A018214E990D003FCBA7 /* Main.storyboard */; };
		AE56A01C214E990D003FCBA7 /* Assets.xcassets in Resources */ = {isa = PBXBuildFile; fileRef = AE56A01B214E990D003FCBA7 /* Assets.xcassets */; };
		AE56A01F214E990D003FCBA7 /* LaunchScreen.storyboard in Resources */ = {isa = PBXBuildFile; fileRef = AE56A01D214E990D003FCBA7 /* LaunchScreen.storyboard */; };
		AE56A027214E9A1B003FCBA7 /* BDTableViewCell.swift in Sources */ = {isa = PBXBuildFile; fileRef = AE56A026214E9A1B003FCBA7 /* BDTableViewCell.swift */; };
		C7425015E7F2CB747FEAD1A0 /* Pods_TableViewExpandFold.framework in Frameworks */ = {isa = PBXBuildFile; fileRef = 7FB3DB2D91D17E1CAA7CFB32 /* Pods_TableViewExpandFold.framework */; };
/* End PBXBuildFile section */

/* Begin PBXFileReference section */
		1F4FB77D82BE25443DC8B1F3 /* Pods-TableViewExpandFold.debug.xcconfig */ = {isa = PBXFileReference; includeInIndex = 1; lastKnownFileType = text.xcconfig; name = "Pods-TableViewExpandFold.debug.xcconfig"; path = "Pods/Target Support Files/Pods-TableViewExpandFold/Pods-TableViewExpandFold.debug.xcconfig"; sourceTree = "<group>"; };
		7FB3DB2D91D17E1CAA7CFB32 /* Pods_TableViewExpandFold.framework */ = {isa = PBXFileReference; explicitFileType = wrapper.framework; includeInIndex = 0; path = Pods_TableViewExpandFold.framework; sourceTree = BUILT_PRODUCTS_DIR; };
		8784F3D446A042242026957D /* Pods-TableViewExpandFold.release.xcconfig */ = {isa = PBXFileReference; includeInIndex = 1; lastKnownFileType = text.xcconfig; name = "Pods-TableViewExpandFold.release.xcconfig"; path = "Pods/Target Support Files/Pods-TableViewExpandFold/Pods-TableViewExpandFold.release.xcconfig"; sourceTree = "<group>"; };
		AE56A011214E990D003FCBA7 /* TableViewExpandFold.app */ = {isa = PBXFileReference; explicitFileType = wrapper.application; includeInIndex = 0; path = TableViewExpandFold.app; sourceTree = BUILT_PRODUCTS_DIR; };
		AE56A014214E990D003FCBA7 /* AppDelegate.swift */ = {isa = PBXFileReference; lastKnownFileType = sourcecode.swift; path = AppDelegate.swift; sourceTree = "<group>"; };
		AE56A016214E990D003FCBA7 /* ViewController.swift */ = {isa = PBXFileReference; lastKnownFileType = sourcecode.swift; path = ViewController.swift; sourceTree = "<group>"; };
		AE56A019214E990D003FCBA7 /* Base */ = {isa = PBXFileReference; lastKnownFileType = file.storyboard; name = Base; path = Base.lproj/Main.storyboard; sourceTree = "<group>"; };
		AE56A01B214E990D003FCBA7 /* Assets.xcassets */ = {isa = PBXFileReference; lastKnownFileType = folder.assetcatalog; path = Assets.xcassets; sourceTree = "<group>"; };
		AE56A01E214E990D003FCBA7 /* Base */ = {isa = PBXFileReference; lastKnownFileType = file.storyboard; name = Base; path = Base.lproj/LaunchScreen.storyboard; sourceTree = "<group>"; };
		AE56A020214E990D003FCBA7 /* Info.plist */ = {isa = PBXFileReference; lastKnownFileType = text.plist.xml; path = Info.plist; sourceTree = "<group>"; };
		AE56A026214E9A1B003FCBA7 /* BDTableViewCell.swift */ = {isa = PBXFileReference; fileEncoding = 4; lastKnownFileType = sourcecode.swift; path = BDTableViewCell.swift; sourceTree = "<group>"; };
/* End PBXFileReference section */

/* Begin PBXFrameworksBuildPhase section */
		AE56A00E214E990D003FCBA7 /* Frameworks */ = {
			isa = PBXFrameworksBuildPhase;
			buildActionMask = 2147483647;
			files = (
				C7425015E7F2CB747FEAD1A0 /* Pods_TableViewExpandFold.framework in Frameworks */,
			);
			runOnlyForDeploymentPostprocessing = 0;
		};
/* End PBXFrameworksBuildPhase section */

/* Begin PBXGroup section */
		1932B8F0D76E2FB8EFD3757A /* Pods */ = {
			isa = PBXGroup;
			children = (
				1F4FB77D82BE25443DC8B1F3 /* Pods-TableViewExpandFold.debug.xcconfig */,
				8784F3D446A042242026957D /* Pods-TableViewExpandFold.release.xcconfig */,
			);
			name = Pods;
			sourceTree = "<group>";
		};
		285BB1628E8C22872FDD849E /* Frameworks */ = {
			isa = PBXGroup;
			children = (
				7FB3DB2D91D17E1CAA7CFB32 /* Pods_TableViewExpandFold.framework */,
			);
			name = Frameworks;
			sourceTree = "<group>";
		};
		AE56A008214E990C003FCBA7 = {
			isa = PBXGroup;
			children = (
				AE56A013214E990D003FCBA7 /* TableViewExpandFold */,
				AE56A012214E990D003FCBA7 /* Products */,
				1932B8F0D76E2FB8EFD3757A /* Pods */,
				285BB1628E8C22872FDD849E /* Frameworks */,
			);
			sourceTree = "<group>";
		};
		AE56A012214E990D003FCBA7 /* Products */ = {
			isa = PBXGroup;
			children = (
				AE56A011214E990D003FCBA7 /* TableViewExpandFold.app */,
			);
			name = Products;
			sourceTree = "<group>";
		};
		AE56A013214E990D003FCBA7 /* TableViewExpandFold */ = {
			isa = PBXGroup;
			children = (
				AE56A026214E9A1B003FCBA7 /* BDTableViewCell.swift */,
				AE56A014214E990D003FCBA7 /* AppDelegate.swift */,
				AE56A016214E990D003FCBA7 /* ViewController.swift */,
				AE56A018214E990D003FCBA7 /* Main.storyboard */,
				AE56A01B214E990D003FCBA7 /* Assets.xcassets */,
				AE56A01D214E990D003FCBA7 /* LaunchScreen.storyboard */,
				AE56A020214E990D003FCBA7 /* Info.plist */,
			);
			path = TableViewExpandFold;
			sourceTree = "<group>";
		};
/* End PBXGroup section */

/* Begin PBXNativeTarget section */
		AE56A010214E990D003FCBA7 /* TableViewExpandFold */ = {
			isa = PBXNativeTarget;
			buildConfigurationList = AE56A023214E990D003FCBA7 /* Build configuration list for PBXNativeTarget "TableViewExpandFold" */;
			buildPhases = (
				70AC2A0120F08863D1E3EE32 /* [CP] Check Pods Manifest.lock */,
				AE56A00D214E990D003FCBA7 /* Sources */,
				AE56A00E214E990D003FCBA7 /* Frameworks */,
				AE56A00F214E990D003FCBA7 /* Resources */,
				F58E0AF23DA1F8E11CAF3B36 /* [CP] Embed Pods Frameworks */,
				D6E9310E5530904370BC3C3C /* [CP] Copy Pods Resources */,
			);
			buildRules = (
			);
			dependencies = (
			);
			name = TableViewExpandFold;
			productName = TableViewExpandFold;
			productReference = AE56A011214E990D003FCBA7 /* TableViewExpandFold.app */;
			productType = "com.apple.product-type.application";
		};
/* End PBXNativeTarget section */

/* Begin PBXProject section */
		AE56A009214E990C003FCBA7 /* Project object */ = {
			isa = PBXProject;
			attributes = {
				LastSwiftUpdateCheck = 1000;
				LastUpgradeCheck = 1000;
				ORGANIZATIONNAME = light_bo;
				TargetAttributes = {
					AE56A010214E990D003FCBA7 = {
						CreatedOnToolsVersion = 10.0;
					};
				};
			};
			buildConfigurationList = AE56A00C214E990C003FCBA7 /* Build configuration list for PBXProject "TableViewExpandFold" */;
			compatibilityVersion = "Xcode 9.3";
			developmentRegion = en;
			hasScannedForEncodings = 0;
			knownRegions = (
				en,
				Base,
			);
			mainGroup = AE56A008214E990C003FCBA7;
			productRefGroup = AE56A012214E990D003FCBA7 /* Products */;
			projectDirPath = "";
			projectRoot = "";
			targets = (
				AE56A010214E990D003FCBA7 /* TableViewExpandFold */,
			);
		};
/* End PBXProject section */

/* Begin PBXResourcesBuildPhase section */
		AE56A00F214E990D003FCBA7 /* Resources */ = {
			isa = PBXResourcesBuildPhase;
			buildActionMask = 2147483647;
			files = (
				AE56A01F214E990D003FCBA7 /* LaunchScreen.storyboard in Resources */,
				AE56A01C214E990D003FCBA7 /* Assets.xcassets in Resources */,
				AE56A01A214E990D003FCBA7 /* Main.storyboard in Resources */,
			);
			runOnlyForDeploymentPostprocessing = 0;
		};
/* End PBXResourcesBuildPhase section */

/* Begin PBXShellScriptBuildPhase section */
		70AC2A0120F08863D1E3EE32 /* [CP] Check Pods Manifest.lock */ = {
			isa = PBXShellScriptBuildPhase;
			buildActionMask = 2147483647;
			files = (
			);
			inputPaths = (
				"${PODS_PODFILE_DIR_PATH}/Podfile.lock",
				"${PODS_ROOT}/Manifest.lock",
			);
			name = "[CP] Check Pods Manifest.lock";
			outputPaths = (
				"$(DERIVED_FILE_DIR)/Pods-TableViewExpandFold-checkManifestLockResult.txt",
			);
			runOnlyForDeploymentPostprocessing = 0;
			shellPath = /bin/sh;
			shellScript = "diff \"${PODS_PODFILE_DIR_PATH}/Podfile.lock\" \"${PODS_ROOT}/Manifest.lock\" > /dev/null\nif [ $? != 0 ] ; then\n    # print error to STDERR\n    echo \"error: The sandbox is not in sync with the Podfile.lock. Run 'pod install' or update your CocoaPods installation.\" >&2\n    exit 1\nfi\n# This output is used by Xcode 'outputs' to avoid re-running this script phase.\necho \"SUCCESS\" > \"${SCRIPT_OUTPUT_FILE_0}\"\n";
			showEnvVarsInLog = 0;
		};
		D6E9310E5530904370BC3C3C /* [CP] Copy Pods Resources */ = {
			isa = PBXShellScriptBuildPhase;
			buildActionMask = 2147483647;
			files = (
			);
			inputPaths = (
			);
			name = "[CP] Copy Pods Resources";
			outputPaths = (
			);
			runOnlyForDeploymentPostprocessing = 0;
			shellPath = /bin/sh;
			shellScript = "\"${SRCROOT}/Pods/Target Support Files/Pods-TableViewExpandFold/Pods-TableViewExpandFold-resources.sh\"\n";
			showEnvVarsInLog = 0;
		};
		F58E0AF23DA1F8E11CAF3B36 /* [CP] Embed Pods Frameworks */ = {
			isa = PBXShellScriptBuildPhase;
			buildActionMask = 2147483647;
			files = (
			);
			inputPaths = (
				"${SRCROOT}/Pods/Target Support Files/Pods-TableViewExpandFold/Pods-TableViewExpandFold-frameworks.sh",
				"${BUILT_PRODUCTS_DIR}/SnapKit/SnapKit.framework",
			);
			name = "[CP] Embed Pods Frameworks";
			outputPaths = (
				"${TARGET_BUILD_DIR}/${FRAMEWORKS_FOLDER_PATH}/SnapKit.framework",
			);
			runOnlyForDeploymentPostprocessing = 0;
			shellPath = /bin/sh;
			shellScript = "\"${SRCROOT}/Pods/Target Support Files/Pods-TableViewExpandFold/Pods-TableViewExpandFold-frameworks.sh\"\n";
			showEnvVarsInLog = 0;
		};
/* End PBXShellScriptBuildPhase section */

/* Begin PBXSourcesBuildPhase section */
		AE56A00D214E990D003FCBA7 /* Sources */ = {
			isa = PBXSourcesBuildPhase;
			buildActionMask = 2147483647;
			files = (
				AE56A017214E990D003FCBA7 /* ViewController.swift in Sources */,
				AE56A027214E9A1B003FCBA7 /* BDTableViewCell.swift in Sources */,
				AE56A015214E990D003FCBA7 /* AppDelegate.swift in Sources */,
			);
			runOnlyForDeploymentPostprocessing = 0;
		};
/* End PBXSourcesBuildPhase section */

/* Begin PBXVariantGroup section */
		AE56A018214E990D003FCBA7 /* Main.storyboard */ = {
			isa = PBXVariantGroup;
			children = (
				AE56A019214E990D003FCBA7 /* Base */,
			);
			name = Main.storyboard;
			sourceTree = "<group>";
		};
		AE56A01D214E990D003FCBA7 /* LaunchScreen.storyboard */ = {
			isa = PBXVariantGroup;
			children = (
				AE56A01E214E990D003FCBA7 /* Base */,
			);
			name = LaunchScreen.storyboard;
			sourceTree = "<group>";
		};
/* End PBXVariantGroup section */

/* Begin XCBuildConfiguration section */
		AE56A021214E990D003FCBA7 /* Debug */ = {
			isa = XCBuildConfiguration;
			buildSettings = {
				ALWAYS_SEARCH_USER_PATHS = NO;
				CLANG_ANALYZER_NONNULL = YES;
				CLANG_ANALYZER_NUMBER_OBJECT_CONVERSION = YES_AGGRESSIVE;
				CLANG_CXX_LANGUAGE_STANDARD = "gnu++14";
				CLANG_CXX_LIBRARY = "libc++";
				CLANG_ENABLE_MODULES = YES;
				CLANG_ENABLE_OBJC_ARC = YES;
				CLANG_ENABLE_OBJC_WEAK = YES;
				CLANG_WARN_BLOCK_CAPTURE_AUTORELEASING = YES;
				CLANG_WARN_BOOL_CONVERSION = YES;
				CLANG_WARN_COMMA = YES;
				CLANG_WARN_CONSTANT_CONVERSION = YES;
				CLANG_WARN_DEPRECATED_OBJC_IMPLEMENTATIONS = YES;
				CLANG_WARN_DIRECT_OBJC_ISA_USAGE = YES_ERROR;
				CLANG_WARN_DOCUMENTATION_COMMENTS = YES;
				CLANG_WARN_EMPTY_BODY = YES;
				CLANG_WARN_ENUM_CONVERSION = YES;
				CLANG_WARN_INFINITE_RECURSION = YES;
				CLANG_WARN_INT_CONVERSION = YES;
				CLANG_WARN_NON_LITERAL_NULL_CONVERSION = YES;
				CLANG_WARN_OBJC_IMPLICIT_RETAIN_SELF = YES;
				CLANG_WARN_OBJC_LITERAL_CONVERSION = YES;
				CLANG_WARN_OBJC_ROOT_CLASS = YES_ERROR;
				CLANG_WARN_RANGE_LOOP_ANALYSIS = YES;
				CLANG_WARN_STRICT_PROTOTYPES = YES;
				CLANG_WARN_SUSPICIOUS_MOVE = YES;
				CLANG_WARN_UNGUARDED_AVAILABILITY = YES_AGGRESSIVE;
				CLANG_WARN_UNREACHABLE_CODE = YES;
				CLANG_WARN__DUPLICATE_METHOD_MATCH = YES;
				CODE_SIGN_IDENTITY = "iPhone Developer";
				COPY_PHASE_STRIP = NO;
				DEBUG_INFORMATION_FORMAT = dwarf;
				ENABLE_STRICT_OBJC_MSGSEND = YES;
				ENABLE_TESTABILITY = YES;
				GCC_C_LANGUAGE_STANDARD = gnu11;
				GCC_DYNAMIC_NO_PIC = NO;
				GCC_NO_COMMON_BLOCKS = YES;
				GCC_OPTIMIZATION_LEVEL = 0;
				GCC_PREPROCESSOR_DEFINITIONS = (
					"DEBUG=1",
					"$(inherited)",
				);
				GCC_WARN_64_TO_32_BIT_CONVERSION = YES;
				GCC_WARN_ABOUT_RETURN_TYPE = YES_ERROR;
				GCC_WARN_UNDECLARED_SELECTOR = YES;
				GCC_WARN_UNINITIALIZED_AUTOS = YES_AGGRESSIVE;
				GCC_WARN_UNUSED_FUNCTION = YES;
				GCC_WARN_UNUSED_VARIABLE = YES;
				IPHONEOS_DEPLOYMENT_TARGET = 12.0;
				MTL_ENABLE_DEBUG_INFO = INCLUDE_SOURCE;
				MTL_FAST_MATH = YES;
				ONLY_ACTIVE_ARCH = YES;
				SDKROOT = iphoneos;
				SWIFT_ACTIVE_COMPILATION_CONDITIONS = DEBUG;
				SWIFT_OPTIMIZATION_LEVEL = "-Onone";
			};
			name = Debug;
		};
		AE56A022214E990D003FCBA7 /* Release */ = {
			isa = XCBuildConfiguration;
			buildSettings = {
				ALWAYS_SEARCH_USER_PATHS = NO;
				CLANG_ANALYZER_NONNULL = YES;
				CLANG_ANALYZER_NUMBER_OBJECT_CONVERSION = YES_AGGRESSIVE;
				CLANG_CXX_LANGUAGE_STANDARD = "gnu++14";
				CLANG_CXX_LIBRARY = "libc++";
				CLANG_ENABLE_MODULES = YES;
				CLANG_ENABLE_OBJC_ARC = YES;
				CLANG_ENABLE_OBJC_WEAK = YES;
				CLANG_WARN_BLOCK_CAPTURE_AUTORELEASING = YES;
				CLANG_WARN_BOOL_CONVERSION = YES;
				CLANG_WARN_COMMA = YES;
				CLANG_WARN_CONSTANT_CONVERSION = YES;
				CLANG_WARN_DEPRECATED_OBJC_IMPLEMENTATIONS = YES;
				CLANG_WARN_DIRECT_OBJC_ISA_USAGE = YES_ERROR;
				CLANG_WARN_DOCUMENTATION_COMMENTS = YES;
				CLANG_WARN_EMPTY_BODY = YES;
				CLANG_WARN_ENUM_CONVERSION = YES;
				CLANG_WARN_INFINITE_RECURSION = YES;
				CLANG_WARN_INT_CONVERSION = YES;
				CLANG_WARN_NON_LITERAL_NULL_CONVERSION = YES;
				CLANG_WARN_OBJC_IMPLICIT_RETAIN_SELF = YES;
				CLANG_WARN_OBJC_LITERAL_CONVERSION = YES;
				CLANG_WARN_OBJC_ROOT_CLASS = YES_ERROR;
				CLANG_WARN_RANGE_LOOP_ANALYSIS = YES;
				CLANG_WARN_STRICT_PROTOTYPES = YES;
				CLANG_WARN_SUSPICIOUS_MOVE = YES;
				CLANG_WARN_UNGUARDED_AVAILABILITY = YES_AGGRESSIVE;
				CLANG_WARN_UNREACHABLE_CODE = YES;
				CLANG_WARN__DUPLICATE_METHOD_MATCH = YES;
				CODE_SIGN_IDENTITY = "iPhone Developer";
				COPY_PHASE_STRIP = NO;
				DEBUG_INFORMATION_FORMAT = "dwarf-with-dsym";
				ENABLE_NS_ASSERTIONS = NO;
				ENABLE_STRICT_OBJC_MSGSEND = YES;
				GCC_C_LANGUAGE_STANDARD = gnu11;
				GCC_NO_COMMON_BLOCKS = YES;
				GCC_WARN_64_TO_32_BIT_CONVERSION = YES;
				GCC_WARN_ABOUT_RETURN_TYPE = YES_ERROR;
				GCC_WARN_UNDECLARED_SELECTOR = YES;
				GCC_WARN_UNINITIALIZED_AUTOS = YES_AGGRESSIVE;
				GCC_WARN_UNUSED_FUNCTION = YES;
				GCC_WARN_UNUSED_VARIABLE = YES;
				IPHONEOS_DEPLOYMENT_TARGET = 12.0;
				MTL_ENABLE_DEBUG_INFO = NO;
				MTL_FAST_MATH = YES;
				SDKROOT = iphoneos;
				SWIFT_COMPILATION_MODE = wholemodule;
				SWIFT_OPTIMIZATION_LEVEL = "-O";
				VALIDATE_PRODUCT = YES;
			};
			name = Release;
		};
		AE56A024214E990D003FCBA7 /* Debug */ = {
			isa = XCBuildConfiguration;
			baseConfigurationReference = 1F4FB77D82BE25443DC8B1F3 /* Pods-TableViewExpandFold.debug.xcconfig */;
			buildSettings = {
				ASSETCATALOG_COMPILER_APPICON_NAME = AppIcon;
				CODE_SIGN_STYLE = Automatic;
				INFOPLIST_FILE = TableViewExpandFold/Info.plist;
				IPHONEOS_DEPLOYMENT_TARGET = 8.0;
				LD_RUNPATH_SEARCH_PATHS = (
					"$(inherited)",
					"@executable_path/Frameworks",
				);
				PRODUCT_BUNDLE_IDENTIFIER = com.developer.lightning.TableViewExpandFold;
				PRODUCT_NAME = "$(TARGET_NAME)";
				SWIFT_VERSION = 4.0;
				TARGETED_DEVICE_FAMILY = "1,2";
			};
			name = Debug;
		};
		AE56A025214E990D003FCBA7 /* Release */ = {
			isa = XCBuildConfiguration;
			baseConfigurationReference = 8784F3D446A042242026957D /* Pods-TableViewExpandFold.release.xcconfig */;
			buildSettings = {
				ASSETCATALOG_COMPILER_APPICON_NAME = AppIcon;
				CODE_SIGN_STYLE = Automatic;
				INFOPLIST_FILE = TableViewExpandFold/Info.plist;
				IPHONEOS_DEPLOYMENT_TARGET = 8.0;
				LD_RUNPATH_SEARCH_PATHS = (
					"$(inherited)",
					"@executable_path/Frameworks",
				);
				PRODUCT_BUNDLE_IDENTIFIER = com.developer.lightning.TableViewExpandFold;
				PRODUCT_NAME = "$(TARGET_NAME)";
				SWIFT_VERSION = 4.0;
				TARGETED_DEVICE_FAMILY = "1,2";
			};
			name = Release;
		};
/* End XCBuildConfiguration section */

/* Begin XCConfigurationList section */
		AE56A00C214E990C003FCBA7 /* Build configuration list for PBXProject "TableViewExpandFold" */ = {
			isa = XCConfigurationList;
			buildConfigurations = (
				AE56A021214E990D003FCBA7 /* Debug */,
				AE56A022214E990D003FCBA7 /* Release */,
			);
			defaultConfigurationIsVisible = 0;
			defaultConfigurationName = Release;
		};
		AE56A023214E990D003FCBA7 /* Build configuration list for PBXNativeTarget "TableViewExpandFold" */ = {
			isa = XCConfigurationList;
			buildConfigurations = (
				AE56A024214E990D003FCBA7 /* Debug */,
				AE56A025214E990D003FCBA7 /* Release */,
			);
			defaultConfigurationIsVisible = 0;
			defaultConfigurationName = Release;
		};
/* End XCConfigurationList section */
	};
	rootObject = AE56A009214E990C003FCBA7 /* Project object */;
}
